
Microsoft Visual Studio Solution File, Format Version 12.00
# Visual Studio 15
VisualStudioVersion = 15.0.27428.2015
MinimumVisualStudioVersion = 10.0.40219.1
Project("{FAE04EC0-301F-11D3-BF4B-00C04F79EFBC}") = "ConsoleApp2", "ConsoleApp2\ConsoleApp2.csproj", "{837C77B3-6B94-468D-B76C-D620AB2001D0}"
EndProject
Global
	GlobalSection(SolutionConfigurationPlatforms) = preSolution
		Debug|Any CPU = Debug|Any CPU
		Release|Any CPU = Release|Any CPU
	EndGlobalSection
	GlobalSection(ProjectConfigurationPlatforms) = postSolution
		{837C77B3-6B94-468D-B76C-D620AB2001D0}.Debug|Any CPU.ActiveCfg = Debug|Any CPU
		{837C77B3-6B94-468D-B76C-D620AB2001D0}.Debug|Any CPU.Build.0 = Debug|Any CPU
		{837C77B3-6B94-468D-B76C-D620AB2001D0}.Release|Any CPU.ActiveCfg = Release|Any CPU
		{837C77B3-6B94-468D-B76C-D620AB2001D0}.Release|Any CPU.Build.0 = Release|Any CPU
	EndGlobalSection
	GlobalSection(SolutionProperties) = preSolution
		HideSolutionNode = FALSE
	EndGlobalSection
	GlobalSection(ExtensibilityGlobals) = postSolution
		SolutionGuid = {77715F00-5CE0-4A83-8E5B-80C96AD8CA24}
	EndGlobalSection
EndGlobal
